
Microsoft Visual Studio Solution File, Format Version 12.00
# Visual Studio Version 16
VisualStudioVersion = 16.0.29519.87
MinimumVisualStudioVersion = 10.0.40219.1
Project("{FAE04EC0-301F-11D3-BF4B-00C04F79EFBC}") = "9", "9.csproj", "{DC6D2D20-B589-446E-B9DA-BEEEA8E393B0}"
EndProject
Global
	GlobalSection(SolutionConfigurationPlatforms) = preSolution
		Debug|Any CPU = Debug|Any CPU
		Release|Any CPU = Release|Any CPU
	EndGlobalSection
	GlobalSection(ProjectConfigurationPlatforms) = postSolution
		{DC6D2D20-B589-446E-B9DA-BEEEA8E393B0}.Debug|Any CPU.ActiveCfg = Debug|Any CPU
		{DC6D2D20-B589-446E-B9DA-BEEEA8E393B0}.Debug|Any CPU.Build.0 = Debug|Any CPU
		{DC6D2D20-B589-446E-B9DA-BEEEA8E393B0}.Release|Any CPU.ActiveCfg = Release|Any CPU
		{DC6D2D20-B589-446E-B9DA-BEEEA8E393B0}.Release|Any CPU.Build.0 = Release|Any CPU
	EndGlobalSection
	GlobalSection(SolutionProperties) = preSolution
		HideSolutionNode = FALSE
	EndGlobalSection
	GlobalSection(ExtensibilityGlobals) = postSolution
		SolutionGuid = {FE8A9FEC-47FA-4AF2-A005-8BE581C8809A}
	EndGlobalSection
EndGlobal
