
Microsoft Visual Studio Solution File, Format Version 12.00
# Visual Studio Version 16
VisualStudioVersion = 16.0.29519.87
MinimumVisualStudioVersion = 10.0.40219.1
Project("{FAE04EC0-301F-11D3-BF4B-00C04F79EFBC}") = "7", "7.csproj", "{C598707E-6D97-435F-9472-BF2301A54F95}"
EndProject
Global
	GlobalSection(SolutionConfigurationPlatforms) = preSolution
		Debug|Any CPU = Debug|Any CPU
		Release|Any CPU = Release|Any CPU
	EndGlobalSection
	GlobalSection(ProjectConfigurationPlatforms) = postSolution
		{C598707E-6D97-435F-9472-BF2301A54F95}.Debug|Any CPU.ActiveCfg = Debug|Any CPU
		{C598707E-6D97-435F-9472-BF2301A54F95}.Debug|Any CPU.Build.0 = Debug|Any CPU
		{C598707E-6D97-435F-9472-BF2301A54F95}.Release|Any CPU.ActiveCfg = Release|Any CPU
		{C598707E-6D97-435F-9472-BF2301A54F95}.Release|Any CPU.Build.0 = Release|Any CPU
	EndGlobalSection
	GlobalSection(SolutionProperties) = preSolution
		HideSolutionNode = FALSE
	EndGlobalSection
	GlobalSection(ExtensibilityGlobals) = postSolution
		SolutionGuid = {A4245500-76BB-4AC8-9CED-28D3FA7B67EE}
	EndGlobalSection
EndGlobal
