
Microsoft Visual Studio Solution File, Format Version 12.00
# Visual Studio Version 16
VisualStudioVersion = 16.0.29519.87
MinimumVisualStudioVersion = 10.0.40219.1
Project("{FAE04EC0-301F-11D3-BF4B-00C04F79EFBC}") = "6", "6.csproj", "{20AEF5CF-A0B3-48B3-9306-8E958764AC92}"
EndProject
Global
	GlobalSection(SolutionConfigurationPlatforms) = preSolution
		Debug|Any CPU = Debug|Any CPU
		Release|Any CPU = Release|Any CPU
	EndGlobalSection
	GlobalSection(ProjectConfigurationPlatforms) = postSolution
		{20AEF5CF-A0B3-48B3-9306-8E958764AC92}.Debug|Any CPU.ActiveCfg = Debug|Any CPU
		{20AEF5CF-A0B3-48B3-9306-8E958764AC92}.Debug|Any CPU.Build.0 = Debug|Any CPU
		{20AEF5CF-A0B3-48B3-9306-8E958764AC92}.Release|Any CPU.ActiveCfg = Release|Any CPU
		{20AEF5CF-A0B3-48B3-9306-8E958764AC92}.Release|Any CPU.Build.0 = Release|Any CPU
	EndGlobalSection
	GlobalSection(SolutionProperties) = preSolution
		HideSolutionNode = FALSE
	EndGlobalSection
	GlobalSection(ExtensibilityGlobals) = postSolution
		SolutionGuid = {932B8F1B-C01C-4E7E-870D-6B0F3B20FBF3}
	EndGlobalSection
EndGlobal
