
Microsoft Visual Studio Solution File, Format Version 12.00
# Visual Studio Version 16
VisualStudioVersion = 16.0.29519.87
MinimumVisualStudioVersion = 10.0.40219.1
Project("{FAE04EC0-301F-11D3-BF4B-00C04F79EFBC}") = "10", "10.csproj", "{10CBCBA5-082D-4BD0-8A0B-64EEF028750A}"
EndProject
Global
	GlobalSection(SolutionConfigurationPlatforms) = preSolution
		Debug|Any CPU = Debug|Any CPU
		Release|Any CPU = Release|Any CPU
	EndGlobalSection
	GlobalSection(ProjectConfigurationPlatforms) = postSolution
		{10CBCBA5-082D-4BD0-8A0B-64EEF028750A}.Debug|Any CPU.ActiveCfg = Debug|Any CPU
		{10CBCBA5-082D-4BD0-8A0B-64EEF028750A}.Debug|Any CPU.Build.0 = Debug|Any CPU
		{10CBCBA5-082D-4BD0-8A0B-64EEF028750A}.Release|Any CPU.ActiveCfg = Release|Any CPU
		{10CBCBA5-082D-4BD0-8A0B-64EEF028750A}.Release|Any CPU.Build.0 = Release|Any CPU
	EndGlobalSection
	GlobalSection(SolutionProperties) = preSolution
		HideSolutionNode = FALSE
	EndGlobalSection
	GlobalSection(ExtensibilityGlobals) = postSolution
		SolutionGuid = {F8B14BD4-7396-4405-94FC-BADC3B30D64A}
	EndGlobalSection
EndGlobal
