
Microsoft Visual Studio Solution File, Format Version 12.00
# Visual Studio Version 16
VisualStudioVersion = 16.0.29519.87
MinimumVisualStudioVersion = 10.0.40219.1
Project("{FAE04EC0-301F-11D3-BF4B-00C04F79EFBC}") = "8", "8.csproj", "{16209F86-EB1C-4A7B-B06A-4E64B8099E63}"
EndProject
Global
	GlobalSection(SolutionConfigurationPlatforms) = preSolution
		Debug|Any CPU = Debug|Any CPU
		Release|Any CPU = Release|Any CPU
	EndGlobalSection
	GlobalSection(ProjectConfigurationPlatforms) = postSolution
		{16209F86-EB1C-4A7B-B06A-4E64B8099E63}.Debug|Any CPU.ActiveCfg = Debug|Any CPU
		{16209F86-EB1C-4A7B-B06A-4E64B8099E63}.Debug|Any CPU.Build.0 = Debug|Any CPU
		{16209F86-EB1C-4A7B-B06A-4E64B8099E63}.Release|Any CPU.ActiveCfg = Release|Any CPU
		{16209F86-EB1C-4A7B-B06A-4E64B8099E63}.Release|Any CPU.Build.0 = Release|Any CPU
	EndGlobalSection
	GlobalSection(SolutionProperties) = preSolution
		HideSolutionNode = FALSE
	EndGlobalSection
	GlobalSection(ExtensibilityGlobals) = postSolution
		SolutionGuid = {6C99635A-61F2-4188-9493-297500877B02}
	EndGlobalSection
EndGlobal
